
Microsoft Visual Studio Solution File, Format Version 12.00
# Visual Studio Version 16
VisualStudioVersion = 16.0.30011.22
MinimumVisualStudioVersion = 10.0.40219.1
Project("{FAE04EC0-301F-11D3-BF4B-00C04F79EFBC}") = "ElevenNote.WebMVC", "ElevenNote.WebMVC\ElevenNote.WebMVC.csproj", "{F430CE21-55C9-464D-BA4D-7A34261F5597}"
EndProject
Global
	GlobalSection(SolutionConfigurationPlatforms) = preSolution
		Debug|Any CPU = Debug|Any CPU
		Release|Any CPU = Release|Any CPU
	EndGlobalSection
	GlobalSection(ProjectConfigurationPlatforms) = postSolution
		{F430CE21-55C9-464D-BA4D-7A34261F5597}.Debug|Any CPU.ActiveCfg = Debug|Any CPU
		{F430CE21-55C9-464D-BA4D-7A34261F5597}.Debug|Any CPU.Build.0 = Debug|Any CPU
		{F430CE21-55C9-464D-BA4D-7A34261F5597}.Release|Any CPU.ActiveCfg = Release|Any CPU
		{F430CE21-55C9-464D-BA4D-7A34261F5597}.Release|Any CPU.Build.0 = Release|Any CPU
	EndGlobalSection
	GlobalSection(SolutionProperties) = preSolution
		HideSolutionNode = FALSE
	EndGlobalSection
	GlobalSection(ExtensibilityGlobals) = postSolution
		SolutionGuid = {B89E5947-426F-4AE5-81DF-A2CD985D331B}
	EndGlobalSection
EndGlobal
